
Microsoft Visual Studio Solution File, Format Version 12.00
# Visual Studio Version 17
VisualStudioVersion = 17.9.34607.119
MinimumVisualStudioVersion = 10.0.40219.1
Project("{FAE04EC0-301F-11D3-BF4B-00C04F79EFBC}") = "AspCoreDependencyInjectionWebApplication", "AspCoreDependencyInjectionWebApplication\AspCoreDependencyInjectionWebApplication.csproj", "{53FAB119-8A39-47A1-AFF4-34AE8FF5BE77}"
EndProject
Global
	GlobalSection(SolutionConfigurationPlatforms) = preSolution
		Debug|Any CPU = Debug|Any CPU
		Release|Any CPU = Release|Any CPU
	EndGlobalSection
	GlobalSection(ProjectConfigurationPlatforms) = postSolution
		{53FAB119-8A39-47A1-AFF4-34AE8FF5BE77}.Debug|Any CPU.ActiveCfg = Debug|Any CPU
		{53FAB119-8A39-47A1-AFF4-34AE8FF5BE77}.Debug|Any CPU.Build.0 = Debug|Any CPU
		{53FAB119-8A39-47A1-AFF4-34AE8FF5BE77}.Release|Any CPU.ActiveCfg = Release|Any CPU
		{53FAB119-8A39-47A1-AFF4-34AE8FF5BE77}.Release|Any CPU.Build.0 = Release|Any CPU
	EndGlobalSection
	GlobalSection(SolutionProperties) = preSolution
		HideSolutionNode = FALSE
	EndGlobalSection
	GlobalSection(ExtensibilityGlobals) = postSolution
		SolutionGuid = {D4D22940-50F8-4A0B-8E33-BD1D3CDBA268}
	EndGlobalSection
EndGlobal
